// !$*UTF8*$!
{
	archiveVersion = 1;
	classes = {
	};
	objectVersion = 55;
	objects = {

/* Begin PBXBuildFile section */
		9717552627A4019A002A6E7B /* AppDelegate.swift in Sources */ = {isa = PBXBuildFile; fileRef = 9717552527A4019A002A6E7B /* AppDelegate.swift */; };
		9717552827A4019A002A6E7B /* SceneDelegate.swift in Sources */ = {isa = PBXBuildFile; fileRef = 9717552727A4019A002A6E7B /* SceneDelegate.swift */; };
		9717552A27A4019A002A6E7B /* ViewController.swift in Sources */ = {isa = PBXBuildFile; fileRef = 9717552927A4019A002A6E7B /* ViewController.swift */; };
		9717552D27A4019A002A6E7B /* Main.storyboard in Resources */ = {isa = PBXBuildFile; fileRef = 9717552B27A4019A002A6E7B /* Main.storyboard */; };
		9717553027A4019A002A6E7B /* LRMenuTestWithLGSideMenuController_Story.xcdatamodeld in Sources */ = {isa = PBXBuildFile; fileRef = 9717552E27A4019A002A6E7B /* LRMenuTestWithLGSideMenuController_Story.xcdatamodeld */; };
		9717553227A4019F002A6E7B /* Assets.xcassets in Resources */ = {isa = PBXBuildFile; fileRef = 9717553127A4019F002A6E7B /* Assets.xcassets */; };
		9717553527A4019F002A6E7B /* LaunchScreen.storyboard in Resources */ = {isa = PBXBuildFile; fileRef = 9717553327A4019F002A6E7B /* LaunchScreen.storyboard */; };
		9717554027A401A0002A6E7B /* LRMenuTestWithLGSideMenuController_StoryTests.swift in Sources */ = {isa = PBXBuildFile; fileRef = 9717553F27A401A0002A6E7B /* LRMenuTestWithLGSideMenuController_StoryTests.swift */; };
		9717554A27A401A0002A6E7B /* LRMenuTestWithLGSideMenuController_StoryUITests.swift in Sources */ = {isa = PBXBuildFile; fileRef = 9717554927A401A0002A6E7B /* LRMenuTestWithLGSideMenuController_StoryUITests.swift */; };
		9717554C27A401A0002A6E7B /* LRMenuTestWithLGSideMenuController_StoryUITestsLaunchTests.swift in Sources */ = {isa = PBXBuildFile; fileRef = 9717554B27A401A0002A6E7B /* LRMenuTestWithLGSideMenuController_StoryUITestsLaunchTests.swift */; };
/* End PBXBuildFile section */

/* Begin PBXContainerItemProxy section */
		9717553C27A401A0002A6E7B /* PBXContainerItemProxy */ = {
			isa = PBXContainerItemProxy;
			containerPortal = 9717551A27A4019A002A6E7B /* Project object */;
			proxyType = 1;
			remoteGlobalIDString = 9717552127A4019A002A6E7B;
			remoteInfo = LRMenuTestWithLGSideMenuController_Story;
		};
		9717554627A401A0002A6E7B /* PBXContainerItemProxy */ = {
			isa = PBXContainerItemProxy;
			containerPortal = 9717551A27A4019A002A6E7B /* Project object */;
			proxyType = 1;
			remoteGlobalIDString = 9717552127A4019A002A6E7B;
			remoteInfo = LRMenuTestWithLGSideMenuController_Story;
		};
/* End PBXContainerItemProxy section */

/* Begin PBXFileReference section */
		9717552227A4019A002A6E7B /* LRMenuTestWithLGSideMenuController_Story.app */ = {isa = PBXFileReference; explicitFileType = wrapper.application; includeInIndex = 0; path = LRMenuTestWithLGSideMenuController_Story.app; sourceTree = BUILT_PRODUCTS_DIR; };
		9717552527A4019A002A6E7B /* AppDelegate.swift */ = {isa = PBXFileReference; lastKnownFileType = sourcecode.swift; path = AppDelegate.swift; sourceTree = "<group>"; };
		9717552727A4019A002A6E7B /* SceneDelegate.swift */ = {isa = PBXFileReference; lastKnownFileType = sourcecode.swift; path = SceneDelegate.swift; sourceTree = "<group>"; };
		9717552927A4019A002A6E7B /* ViewController.swift */ = {isa = PBXFileReference; lastKnownFileType = sourcecode.swift; path = ViewController.swift; sourceTree = "<group>"; };
		9717552C27A4019A002A6E7B /* Base */ = {isa = PBXFileReference; lastKnownFileType = file.storyboard; name = Base; path = Base.lproj/Main.storyboard; sourceTree = "<group>"; };
		9717552F27A4019A002A6E7B /* LRMenuTestWithLGSideMenuController_Story.xcdatamodel */ = {isa = PBXFileReference; lastKnownFileType = wrapper.xcdatamodel; path = LRMenuTestWithLGSideMenuController_Story.xcdatamodel; sourceTree = "<group>"; };
		9717553127A4019F002A6E7B /* Assets.xcassets */ = {isa = PBXFileReference; lastKnownFileType = folder.assetcatalog; path = Assets.xcassets; sourceTree = "<group>"; };
		9717553427A4019F002A6E7B /* Base */ = {isa = PBXFileReference; lastKnownFileType = file.storyboard; name = Base; path = Base.lproj/LaunchScreen.storyboard; sourceTree = "<group>"; };
		9717553627A4019F002A6E7B /* Info.plist */ = {isa = PBXFileReference; lastKnownFileType = text.plist.xml; path = Info.plist; sourceTree = "<group>"; };
		9717553B27A401A0002A6E7B /* LRMenuTestWithLGSideMenuController_StoryTests.xctest */ = {isa = PBXFileReference; explicitFileType = wrapper.cfbundle; includeInIndex = 0; path = LRMenuTestWithLGSideMenuController_StoryTests.xctest; sourceTree = BUILT_PRODUCTS_DIR; };
		9717553F27A401A0002A6E7B /* LRMenuTestWithLGSideMenuController_StoryTests.swift */ = {isa = PBXFileReference; lastKnownFileType = sourcecode.swift; path = LRMenuTestWithLGSideMenuController_StoryTests.swift; sourceTree = "<group>"; };
		9717554527A401A0002A6E7B /* LRMenuTestWithLGSideMenuController_StoryUITests.xctest */ = {isa = PBXFileReference; explicitFileType = wrapper.cfbundle; includeInIndex = 0; path = LRMenuTestWithLGSideMenuController_StoryUITests.xctest; sourceTree = BUILT_PRODUCTS_DIR; };
		9717554927A401A0002A6E7B /* LRMenuTestWithLGSideMenuController_StoryUITests.swift */ = {isa = PBXFileReference; lastKnownFileType = sourcecode.swift; path = LRMenuTestWithLGSideMenuController_StoryUITests.swift; sourceTree = "<group>"; };
		9717554B27A401A0002A6E7B /* LRMenuTestWithLGSideMenuController_StoryUITestsLaunchTests.swift */ = {isa = PBXFileReference; lastKnownFileType = sourcecode.swift; path = LRMenuTestWithLGSideMenuController_StoryUITestsLaunchTests.swift; sourceTree = "<group>"; };
/* End PBXFileReference section */

/* Begin PBXFrameworksBuildPhase section */
		9717551F27A4019A002A6E7B /* Frameworks */ = {
			isa = PBXFrameworksBuildPhase;
			buildActionMask = 2147483647;
			files = (
			);
			runOnlyForDeploymentPostprocessing = 0;
		};
		9717553827A401A0002A6E7B /* Frameworks */ = {
			isa = PBXFrameworksBuildPhase;
			buildActionMask = 2147483647;
			files = (
			);
			runOnlyForDeploymentPostprocessing = 0;
		};
		9717554227A401A0002A6E7B /* Frameworks */ = {
			isa = PBXFrameworksBuildPhase;
			buildActionMask = 2147483647;
			files = (
			);
			runOnlyForDeploymentPostprocessing = 0;
		};
/* End PBXFrameworksBuildPhase section */

/* Begin PBXGroup section */
		9717551927A4019A002A6E7B = {
			isa = PBXGroup;
			children = (
				9717552427A4019A002A6E7B /* LRMenuTestWithLGSideMenuController_Story */,
				9717553E27A401A0002A6E7B /* LRMenuTestWithLGSideMenuController_StoryTests */,
				9717554827A401A0002A6E7B /* LRMenuTestWithLGSideMenuController_StoryUITests */,
				9717552327A4019A002A6E7B /* Products */,
			);
			sourceTree = "<group>";
		};
		9717552327A4019A002A6E7B /* Products */ = {
			isa = PBXGroup;
			children = (
				9717552227A4019A002A6E7B /* LRMenuTestWithLGSideMenuController_Story.app */,
				9717553B27A401A0002A6E7B /* LRMenuTestWithLGSideMenuController_StoryTests.xctest */,
				9717554527A401A0002A6E7B /* LRMenuTestWithLGSideMenuController_StoryUITests.xctest */,
			);
			name = Products;
			sourceTree = "<group>";
		};
		9717552427A4019A002A6E7B /* LRMenuTestWithLGSideMenuController_Story */ = {
			isa = PBXGroup;
			children = (
				9717552527A4019A002A6E7B /* AppDelegate.swift */,
				9717552727A4019A002A6E7B /* SceneDelegate.swift */,
				9717552927A4019A002A6E7B /* ViewController.swift */,
				9717552B27A4019A002A6E7B /* Main.storyboard */,
				9717553127A4019F002A6E7B /* Assets.xcassets */,
				9717553327A4019F002A6E7B /* LaunchScreen.storyboard */,
				9717553627A4019F002A6E7B /* Info.plist */,
				9717552E27A4019A002A6E7B /* LRMenuTestWithLGSideMenuController_Story.xcdatamodeld */,
			);
			path = LRMenuTestWithLGSideMenuController_Story;
			sourceTree = "<group>";
		};
		9717553E27A401A0002A6E7B /* LRMenuTestWithLGSideMenuController_StoryTests */ = {
			isa = PBXGroup;
			children = (
				9717553F27A401A0002A6E7B /* LRMenuTestWithLGSideMenuController_StoryTests.swift */,
			);
			path = LRMenuTestWithLGSideMenuController_StoryTests;
			sourceTree = "<group>";
		};
		9717554827A401A0002A6E7B /* LRMenuTestWithLGSideMenuController_StoryUITests */ = {
			isa = PBXGroup;
			children = (
				9717554927A401A0002A6E7B /* LRMenuTestWithLGSideMenuController_StoryUITests.swift */,
				9717554B27A401A0002A6E7B /* LRMenuTestWithLGSideMenuController_StoryUITestsLaunchTests.swift */,
			);
			path = LRMenuTestWithLGSideMenuController_StoryUITests;
			sourceTree = "<group>";
		};
/* End PBXGroup section */

/* Begin PBXNativeTarget section */
		9717552127A4019A002A6E7B /* LRMenuTestWithLGSideMenuController_Story */ = {
			isa = PBXNativeTarget;
			buildConfigurationList = 9717554F27A401A0002A6E7B /* Build configuration list for PBXNativeTarget "LRMenuTestWithLGSideMenuController_Story" */;
			buildPhases = (
				9717551E27A4019A002A6E7B /* Sources */,
				9717551F27A4019A002A6E7B /* Frameworks */,
				9717552027A4019A002A6E7B /* Resources */,
			);
			buildRules = (
			);
			dependencies = (
			);
			name = LRMenuTestWithLGSideMenuController_Story;
			productName = LRMenuTestWithLGSideMenuController_Story;
			productReference = 9717552227A4019A002A6E7B /* LRMenuTestWithLGSideMenuController_Story.app */;
			productType = "com.apple.product-type.application";
		};
		9717553A27A401A0002A6E7B /* LRMenuTestWithLGSideMenuController_StoryTests */ = {
			isa = PBXNativeTarget;
			buildConfigurationList = 9717555227A401A0002A6E7B /* Build configuration list for PBXNativeTarget "LRMenuTestWithLGSideMenuController_StoryTests" */;
			buildPhases = (
				9717553727A401A0002A6E7B /* Sources */,
				9717553827A401A0002A6E7B /* Frameworks */,
				9717553927A401A0002A6E7B /* Resources */,
			);
			buildRules = (
			);
			dependencies = (
				9717553D27A401A0002A6E7B /* PBXTargetDependency */,
			);
			name = LRMenuTestWithLGSideMenuController_StoryTests;
			productName = LRMenuTestWithLGSideMenuController_StoryTests;
			productReference = 9717553B27A401A0002A6E7B /* LRMenuTestWithLGSideMenuController_StoryTests.xctest */;
			productType = "com.apple.product-type.bundle.unit-test";
		};
		9717554427A401A0002A6E7B /* LRMenuTestWithLGSideMenuController_StoryUITests */ = {
			isa = PBXNativeTarget;
			buildConfigurationList = 9717555527A401A0002A6E7B /* Build configuration list for PBXNativeTarget "LRMenuTestWithLGSideMenuController_StoryUITests" */;
			buildPhases = (
				9717554127A401A0002A6E7B /* Sources */,
				9717554227A401A0002A6E7B /* Frameworks */,
				9717554327A401A0002A6E7B /* Resources */,
			);
			buildRules = (
			);
			dependencies = (
				9717554727A401A0002A6E7B /* PBXTargetDependency */,
			);
			name = LRMenuTestWithLGSideMenuController_StoryUITests;
			productName = LRMenuTestWithLGSideMenuController_StoryUITests;
			productReference = 9717554527A401A0002A6E7B /* LRMenuTestWithLGSideMenuController_StoryUITests.xctest */;
			productType = "com.apple.product-type.bundle.ui-testing";
		};
/* End PBXNativeTarget section */

/* Begin PBXProject section */
		9717551A27A4019A002A6E7B /* Project object */ = {
			isa = PBXProject;
			attributes = {
				BuildIndependentTargetsInParallel = 1;
				LastSwiftUpdateCheck = 1320;
				LastUpgradeCheck = 1320;
				TargetAttributes = {
					9717552127A4019A002A6E7B = {
						CreatedOnToolsVersion = 13.2.1;
					};
					9717553A27A401A0002A6E7B = {
						CreatedOnToolsVersion = 13.2.1;
						TestTargetID = 9717552127A4019A002A6E7B;
					};
					9717554427A401A0002A6E7B = {
						CreatedOnToolsVersion = 13.2.1;
						TestTargetID = 9717552127A4019A002A6E7B;
					};
				};
			};
			buildConfigurationList = 9717551D27A4019A002A6E7B /* Build configuration list for PBXProject "LRMenuTestWithLGSideMenuController_Story" */;
			compatibilityVersion = "Xcode 13.0";
			developmentRegion = en;
			hasScannedForEncodings = 0;
			knownRegions = (
				en,
				Base,
			);
			mainGroup = 9717551927A4019A002A6E7B;
			productRefGroup = 9717552327A4019A002A6E7B /* Products */;
			projectDirPath = "";
			projectRoot = "";
			targets = (
				9717552127A4019A002A6E7B /* LRMenuTestWithLGSideMenuController_Story */,
				9717553A27A401A0002A6E7B /* LRMenuTestWithLGSideMenuController_StoryTests */,
				9717554427A401A0002A6E7B /* LRMenuTestWithLGSideMenuController_StoryUITests */,
			);
		};
/* End PBXProject section */

/* Begin PBXResourcesBuildPhase section */
		9717552027A4019A002A6E7B /* Resources */ = {
			isa = PBXResourcesBuildPhase;
			buildActionMask = 2147483647;
			files = (
				9717553527A4019F002A6E7B /* LaunchScreen.storyboard in Resources */,
				9717553227A4019F002A6E7B /* Assets.xcassets in Resources */,
				9717552D27A4019A002A6E7B /* Main.storyboard in Resources */,
			);
			runOnlyForDeploymentPostprocessing = 0;
		};
		9717553927A401A0002A6E7B /* Resources */ = {
			isa = PBXResourcesBuildPhase;
			buildActionMask = 2147483647;
			files = (
			);
			runOnlyForDeploymentPostprocessing = 0;
		};
		9717554327A401A0002A6E7B /* Resources */ = {
			isa = PBXResourcesBuildPhase;
			buildActionMask = 2147483647;
			files = (
			);
			runOnlyForDeploymentPostprocessing = 0;
		};
/* End PBXResourcesBuildPhase section */

/* Begin PBXSourcesBuildPhase section */
		9717551E27A4019A002A6E7B /* Sources */ = {
			isa = PBXSourcesBuildPhase;
			buildActionMask = 2147483647;
			files = (
				9717552A27A4019A002A6E7B /* ViewController.swift in Sources */,
				9717553027A4019A002A6E7B /* LRMenuTestWithLGSideMenuController_Story.xcdatamodeld in Sources */,
				9717552627A4019A002A6E7B /* AppDelegate.swift in Sources */,
				9717552827A4019A002A6E7B /* SceneDelegate.swift in Sources */,
			);
			runOnlyForDeploymentPostprocessing = 0;
		};
		9717553727A401A0002A6E7B /* Sources */ = {
			isa = PBXSourcesBuildPhase;
			buildActionMask = 2147483647;
			files = (
				9717554027A401A0002A6E7B /* LRMenuTestWithLGSideMenuController_StoryTests.swift in Sources */,
			);
			runOnlyForDeploymentPostprocessing = 0;
		};
		9717554127A401A0002A6E7B /* Sources */ = {
			isa = PBXSourcesBuildPhase;
			buildActionMask = 2147483647;
			files = (
				9717554C27A401A0002A6E7B /* LRMenuTestWithLGSideMenuController_StoryUITestsLaunchTests.swift in Sources */,
				9717554A27A401A0002A6E7B /* LRMenuTestWithLGSideMenuController_StoryUITests.swift in Sources */,
			);
			runOnlyForDeploymentPostprocessing = 0;
		};
/* End PBXSourcesBuildPhase section */

/* Begin PBXTargetDependency section */
		9717553D27A401A0002A6E7B /* PBXTargetDependency */ = {
			isa = PBXTargetDependency;
			target = 9717552127A4019A002A6E7B /* LRMenuTestWithLGSideMenuController_Story */;
			targetProxy = 9717553C27A401A0002A6E7B /* PBXContainerItemProxy */;
		};
		9717554727A401A0002A6E7B /* PBXTargetDependency */ = {
			isa = PBXTargetDependency;
			target = 9717552127A4019A002A6E7B /* LRMenuTestWithLGSideMenuController_Story */;
			targetProxy = 9717554627A401A0002A6E7B /* PBXContainerItemProxy */;
		};
/* End PBXTargetDependency section */

/* Begin PBXVariantGroup section */
		9717552B27A4019A002A6E7B /* Main.storyboard */ = {
			isa = PBXVariantGroup;
			children = (
				9717552C27A4019A002A6E7B /* Base */,
			);
			name = Main.storyboard;
			sourceTree = "<group>";
		};
		9717553327A4019F002A6E7B /* LaunchScreen.storyboard */ = {
			isa = PBXVariantGroup;
			children = (
				9717553427A4019F002A6E7B /* Base */,
			);
			name = LaunchScreen.storyboard;
			sourceTree = "<group>";
		};
/* End PBXVariantGroup section */

/* Begin XCBuildConfiguration section */
		9717554D27A401A0002A6E7B /* Debug */ = {
			isa = XCBuildConfiguration;
			buildSettings = {
				ALWAYS_SEARCH_USER_PATHS = NO;
				CLANG_ANALYZER_NONNULL = YES;
				CLANG_ANALYZER_NUMBER_OBJECT_CONVERSION = YES_AGGRESSIVE;
				CLANG_CXX_LANGUAGE_STANDARD = "gnu++17";
				CLANG_CXX_LIBRARY = "libc++";
				CLANG_ENABLE_MODULES = YES;
				CLANG_ENABLE_OBJC_ARC = YES;
				CLANG_ENABLE_OBJC_WEAK = YES;
				CLANG_WARN_BLOCK_CAPTURE_AUTORELEASING = YES;
				CLANG_WARN_BOOL_CONVERSION = YES;
				CLANG_WARN_COMMA = YES;
				CLANG_WARN_CONSTANT_CONVERSION = YES;
				CLANG_WARN_DEPRECATED_OBJC_IMPLEMENTATIONS = YES;
				CLANG_WARN_DIRECT_OBJC_ISA_USAGE = YES_ERROR;
				CLANG_WARN_DOCUMENTATION_COMMENTS = YES;
				CLANG_WARN_EMPTY_BODY = YES;
				CLANG_WARN_ENUM_CONVERSION = YES;
				CLANG_WARN_INFINITE_RECURSION = YES;
				CLANG_WARN_INT_CONVERSION = YES;
				CLANG_WARN_NON_LITERAL_NULL_CONVERSION = YES;
				CLANG_WARN_OBJC_IMPLICIT_RETAIN_SELF = YES;
				CLANG_WARN_OBJC_LITERAL_CONVERSION = YES;
				CLANG_WARN_OBJC_ROOT_CLASS = YES_ERROR;
				CLANG_WARN_QUOTED_INCLUDE_IN_FRAMEWORK_HEADER = YES;
				CLANG_WARN_RANGE_LOOP_ANALYSIS = YES;
				CLANG_WARN_STRICT_PROTOTYPES = YES;
				CLANG_WARN_SUSPICIOUS_MOVE = YES;
				CLANG_WARN_UNGUARDED_AVAILABILITY = YES_AGGRESSIVE;
				CLANG_WARN_UNREACHABLE_CODE = YES;
				CLANG_WARN__DUPLICATE_METHOD_MATCH = YES;
				COPY_PHASE_STRIP = NO;
				DEBUG_INFORMATION_FORMAT = dwarf;
				ENABLE_STRICT_OBJC_MSGSEND = YES;
				ENABLE_TESTABILITY = YES;
				GCC_C_LANGUAGE_STANDARD = gnu11;
				GCC_DYNAMIC_NO_PIC = NO;
				GCC_NO_COMMON_BLOCKS = YES;
				GCC_OPTIMIZATION_LEVEL = 0;
				GCC_PREPROCESSOR_DEFINITIONS = (
					"DEBUG=1",
					"$(inherited)",
				);
				GCC_WARN_64_TO_32_BIT_CONVERSION = YES;
				GCC_WARN_ABOUT_RETURN_TYPE = YES_ERROR;
				GCC_WARN_UNDECLARED_SELECTOR = YES;
				GCC_WARN_UNINITIALIZED_AUTOS = YES_AGGRESSIVE;
				GCC_WARN_UNUSED_FUNCTION = YES;
				GCC_WARN_UNUSED_VARIABLE = YES;
				IPHONEOS_DEPLOYMENT_TARGET = 15.2;
				MTL_ENABLE_DEBUG_INFO = INCLUDE_SOURCE;
				MTL_FAST_MATH = YES;
				ONLY_ACTIVE_ARCH = YES;
				SDKROOT = iphoneos;
				SWIFT_ACTIVE_COMPILATION_CONDITIONS = DEBUG;
				SWIFT_OPTIMIZATION_LEVEL = "-Onone";
			};
			name = Debug;
		};
		9717554E27A401A0002A6E7B /* Release */ = {
			isa = XCBuildConfiguration;
			buildSettings = {
				ALWAYS_SEARCH_USER_PATHS = NO;
				CLANG_ANALYZER_NONNULL = YES;
				CLANG_ANALYZER_NUMBER_OBJECT_CONVERSION = YES_AGGRESSIVE;
				CLANG_CXX_LANGUAGE_STANDARD = "gnu++17";
				CLANG_CXX_LIBRARY = "libc++";
				CLANG_ENABLE_MODULES = YES;
				CLANG_ENABLE_OBJC_ARC = YES;
				CLANG_ENABLE_OBJC_WEAK = YES;
				CLANG_WARN_BLOCK_CAPTURE_AUTORELEASING = YES;
				CLANG_WARN_BOOL_CONVERSION = YES;
				CLANG_WARN_COMMA = YES;
				CLANG_WARN_CONSTANT_CONVERSION = YES;
				CLANG_WARN_DEPRECATED_OBJC_IMPLEMENTATIONS = YES;
				CLANG_WARN_DIRECT_OBJC_ISA_USAGE = YES_ERROR;
				CLANG_WARN_DOCUMENTATION_COMMENTS = YES;
				CLANG_WARN_EMPTY_BODY = YES;
				CLANG_WARN_ENUM_CONVERSION = YES;
				CLANG_WARN_INFINITE_RECURSION = YES;
				CLANG_WARN_INT_CONVERSION = YES;
				CLANG_WARN_NON_LITERAL_NULL_CONVERSION = YES;
				CLANG_WARN_OBJC_IMPLICIT_RETAIN_SELF = YES;
				CLANG_WARN_OBJC_LITERAL_CONVERSION = YES;
				CLANG_WARN_OBJC_ROOT_CLASS = YES_ERROR;
				CLANG_WARN_QUOTED_INCLUDE_IN_FRAMEWORK_HEADER = YES;
				CLANG_WARN_RANGE_LOOP_ANALYSIS = YES;
				CLANG_WARN_STRICT_PROTOTYPES = YES;
				CLANG_WARN_SUSPICIOUS_MOVE = YES;
				CLANG_WARN_UNGUARDED_AVAILABILITY = YES_AGGRESSIVE;
				CLANG_WARN_UNREACHABLE_CODE = YES;
				CLANG_WARN__DUPLICATE_METHOD_MATCH = YES;
				COPY_PHASE_STRIP = NO;
				DEBUG_INFORMATION_FORMAT = "dwarf-with-dsym";
				ENABLE_NS_ASSERTIONS = NO;
				ENABLE_STRICT_OBJC_MSGSEND = YES;
				GCC_C_LANGUAGE_STANDARD = gnu11;
				GCC_NO_COMMON_BLOCKS = YES;
				GCC_WARN_64_TO_32_BIT_CONVERSION = YES;
				GCC_WARN_ABOUT_RETURN_TYPE = YES_ERROR;
				GCC_WARN_UNDECLARED_SELECTOR = YES;
				GCC_WARN_UNINITIALIZED_AUTOS = YES_AGGRESSIVE;
				GCC_WARN_UNUSED_FUNCTION = YES;
				GCC_WARN_UNUSED_VARIABLE = YES;
				IPHONEOS_DEPLOYMENT_TARGET = 15.2;
				MTL_ENABLE_DEBUG_INFO = NO;
				MTL_FAST_MATH = YES;
				SDKROOT = iphoneos;
				SWIFT_COMPILATION_MODE = wholemodule;
				SWIFT_OPTIMIZATION_LEVEL = "-O";
				VALIDATE_PRODUCT = YES;
			};
			name = Release;
		};
		9717555027A401A0002A6E7B /* Debug */ = {
			isa = XCBuildConfiguration;
			buildSettings = {
				ASSETCATALOG_COMPILER_APPICON_NAME = AppIcon;
				ASSETCATALOG_COMPILER_GLOBAL_ACCENT_COLOR_NAME = AccentColor;
				CODE_SIGN_STYLE = Automatic;
				CURRENT_PROJECT_VERSION = 1;
				DEVELOPMENT_TEAM = E443GH277D;
				GENERATE_INFOPLIST_FILE = YES;
				INFOPLIST_FILE = LRMenuTestWithLGSideMenuController_Story/Info.plist;
				INFOPLIST_KEY_UIApplicationSupportsIndirectInputEvents = YES;
				INFOPLIST_KEY_UILaunchStoryboardName = LaunchScreen;
				INFOPLIST_KEY_UIMainStoryboardFile = Main;
				INFOPLIST_KEY_UISupportedInterfaceOrientations_iPad = "UIInterfaceOrientationPortrait UIInterfaceOrientationPortraitUpsideDown UIInterfaceOrientationLandscapeLeft UIInterfaceOrientationLandscapeRight";
				INFOPLIST_KEY_UISupportedInterfaceOrientations_iPhone = "UIInterfaceOrientationPortrait UIInterfaceOrientationLandscapeLeft UIInterfaceOrientationLandscapeRight";
				LD_RUNPATH_SEARCH_PATHS = (
					"$(inherited)",
					"@executable_path/Frameworks",
				);
				MARKETING_VERSION = 1.0;
				PRODUCT_BUNDLE_IDENTIFIER = "com.shein.LRMenuTestWithLGSideMenuController-Story";
				PRODUCT_NAME = "$(TARGET_NAME)";
				SWIFT_EMIT_LOC_STRINGS = YES;
				SWIFT_VERSION = 5.0;
				TARGETED_DEVICE_FAMILY = "1,2";
			};
			name = Debug;
		};
		9717555127A401A0002A6E7B /* Release */ = {
			isa = XCBuildConfiguration;
			buildSettings = {
				ASSETCATALOG_COMPILER_APPICON_NAME = AppIcon;
				ASSETCATALOG_COMPILER_GLOBAL_ACCENT_COLOR_NAME = AccentColor;
				CODE_SIGN_STYLE = Automatic;
				CURRENT_PROJECT_VERSION = 1;
				DEVELOPMENT_TEAM = E443GH277D;
				GENERATE_INFOPLIST_FILE = YES;
				INFOPLIST_FILE = LRMenuTestWithLGSideMenuController_Story/Info.plist;
				INFOPLIST_KEY_UIApplicationSupportsIndirectInputEvents = YES;
				INFOPLIST_KEY_UILaunchStoryboardName = LaunchScreen;
				INFOPLIST_KEY_UIMainStoryboardFile = Main;
				INFOPLIST_KEY_UISupportedInterfaceOrientations_iPad = "UIInterfaceOrientationPortrait UIInterfaceOrientationPortraitUpsideDown UIInterfaceOrientationLandscapeLeft UIInterfaceOrientationLandscapeRight";
				INFOPLIST_KEY_UISupportedInterfaceOrientations_iPhone = "UIInterfaceOrientationPortrait UIInterfaceOrientationLandscapeLeft UIInterfaceOrientationLandscapeRight";
				LD_RUNPATH_SEARCH_PATHS = (
					"$(inherited)",
					"@executable_path/Frameworks",
				);
				MARKETING_VERSION = 1.0;
				PRODUCT_BUNDLE_IDENTIFIER = "com.shein.LRMenuTestWithLGSideMenuController-Story";
				PRODUCT_NAME = "$(TARGET_NAME)";
				SWIFT_EMIT_LOC_STRINGS = YES;
				SWIFT_VERSION = 5.0;
				TARGETED_DEVICE_FAMILY = "1,2";
			};
			name = Release;
		};
		9717555327A401A0002A6E7B /* Debug */ = {
			isa = XCBuildConfiguration;
			buildSettings = {
				ALWAYS_EMBED_SWIFT_STANDARD_LIBRARIES = YES;
				BUNDLE_LOADER = "$(TEST_HOST)";
				CODE_SIGN_STYLE = Automatic;
				CURRENT_PROJECT_VERSION = 1;
				DEVELOPMENT_TEAM = E443GH277D;
				GENERATE_INFOPLIST_FILE = YES;
				IPHONEOS_DEPLOYMENT_TARGET = 15.2;
				MARKETING_VERSION = 1.0;
				PRODUCT_BUNDLE_IDENTIFIER = "com.shein.LRMenuTestWithLGSideMenuController-StoryTests";
				PRODUCT_NAME = "$(TARGET_NAME)";
				SWIFT_EMIT_LOC_STRINGS = NO;
				SWIFT_VERSION = 5.0;
				TARGETED_DEVICE_FAMILY = "1,2";
				TEST_HOST = "$(BUILT_PRODUCTS_DIR)/LRMenuTestWithLGSideMenuController_Story.app/LRMenuTestWithLGSideMenuController_Story";
			};
			name = Debug;
		};
		9717555427A401A0002A6E7B /* Release */ = {
			isa = XCBuildConfiguration;
			buildSettings = {
				ALWAYS_EMBED_SWIFT_STANDARD_LIBRARIES = YES;
				BUNDLE_LOADER = "$(TEST_HOST)";
				CODE_SIGN_STYLE = Automatic;
				CURRENT_PROJECT_VERSION = 1;
				DEVELOPMENT_TEAM = E443GH277D;
				GENERATE_INFOPLIST_FILE = YES;
				IPHONEOS_DEPLOYMENT_TARGET = 15.2;
				MARKETING_VERSION = 1.0;
				PRODUCT_BUNDLE_IDENTIFIER = "com.shein.LRMenuTestWithLGSideMenuController-StoryTests";
				PRODUCT_NAME = "$(TARGET_NAME)";
				SWIFT_EMIT_LOC_STRINGS = NO;
				SWIFT_VERSION = 5.0;
				TARGETED_DEVICE_FAMILY = "1,2";
				TEST_HOST = "$(BUILT_PRODUCTS_DIR)/LRMenuTestWithLGSideMenuController_Story.app/LRMenuTestWithLGSideMenuController_Story";
			};
			name = Release;
		};
		9717555627A401A0002A6E7B /* Debug */ = {
			isa = XCBuildConfiguration;
			buildSettings = {
				ALWAYS_EMBED_SWIFT_STANDARD_LIBRARIES = YES;
				CODE_SIGN_STYLE = Automatic;
				CURRENT_PROJECT_VERSION = 1;
				DEVELOPMENT_TEAM = E443GH277D;
				GENERATE_INFOPLIST_FILE = YES;
				MARKETING_VERSION = 1.0;
				PRODUCT_BUNDLE_IDENTIFIER = "com.shein.LRMenuTestWithLGSideMenuController-StoryUITests";
				PRODUCT_NAME = "$(TARGET_NAME)";
				SWIFT_EMIT_LOC_STRINGS = NO;
				SWIFT_VERSION = 5.0;
				TARGETED_DEVICE_FAMILY = "1,2";
				TEST_TARGET_NAME = LRMenuTestWithLGSideMenuController_Story;
			};
			name = Debug;
		};
		9717555727A401A0002A6E7B /* Release */ = {
			isa = XCBuildConfiguration;
			buildSettings = {
				ALWAYS_EMBED_SWIFT_STANDARD_LIBRARIES = YES;
				CODE_SIGN_STYLE = Automatic;
				CURRENT_PROJECT_VERSION = 1;
				DEVELOPMENT_TEAM = E443GH277D;
				GENERATE_INFOPLIST_FILE = YES;
				MARKETING_VERSION = 1.0;
				PRODUCT_BUNDLE_IDENTIFIER = "com.shein.LRMenuTestWithLGSideMenuController-StoryUITests";
				PRODUCT_NAME = "$(TARGET_NAME)";
				SWIFT_EMIT_LOC_STRINGS = NO;
				SWIFT_VERSION = 5.0;
				TARGETED_DEVICE_FAMILY = "1,2";
				TEST_TARGET_NAME = LRMenuTestWithLGSideMenuController_Story;
			};
			name = Release;
		};
/* End XCBuildConfiguration section */

/* Begin XCConfigurationList section */
		9717551D27A4019A002A6E7B /* Build configuration list for PBXProject "LRMenuTestWithLGSideMenuController_Story" */ = {
			isa = XCConfigurationList;
			buildConfigurations = (
				9717554D27A401A0002A6E7B /* Debug */,
				9717554E27A401A0002A6E7B /* Release */,
			);
			defaultConfigurationIsVisible = 0;
			defaultConfigurationName = Release;
		};
		9717554F27A401A0002A6E7B /* Build configuration list for PBXNativeTarget "LRMenuTestWithLGSideMenuController_Story" */ = {
			isa = XCConfigurationList;
			buildConfigurations = (
				9717555027A401A0002A6E7B /* Debug */,
				9717555127A401A0002A6E7B /* Release */,
			);
			defaultConfigurationIsVisible = 0;
			defaultConfigurationName = Release;
		};
		9717555227A401A0002A6E7B /* Build configuration list for PBXNativeTarget "LRMenuTestWithLGSideMenuController_StoryTests" */ = {
			isa = XCConfigurationList;
			buildConfigurations = (
				9717555327A401A0002A6E7B /* Debug */,
				9717555427A401A0002A6E7B /* Release */,
			);
			defaultConfigurationIsVisible = 0;
			defaultConfigurationName = Release;
		};
		9717555527A401A0002A6E7B /* Build configuration list for PBXNativeTarget "LRMenuTestWithLGSideMenuController_StoryUITests" */ = {
			isa = XCConfigurationList;
			buildConfigurations = (
				9717555627A401A0002A6E7B /* Debug */,
				9717555727A401A0002A6E7B /* Release */,
			);
			defaultConfigurationIsVisible = 0;
			defaultConfigurationName = Release;
		};
/* End XCConfigurationList section */

/* Begin XCVersionGroup section */
		9717552E27A4019A002A6E7B /* LRMenuTestWithLGSideMenuController_Story.xcdatamodeld */ = {
			isa = XCVersionGroup;
			children = (
				9717552F27A4019A002A6E7B /* LRMenuTestWithLGSideMenuController_Story.xcdatamodel */,
			);
			currentVersion = 9717552F27A4019A002A6E7B /* LRMenuTestWithLGSideMenuController_Story.xcdatamodel */;
			path = LRMenuTestWithLGSideMenuController_Story.xcdatamodeld;
			sourceTree = "<group>";
			versionGroupType = wrapper.xcdatamodel;
		};
/* End XCVersionGroup section */
	};
	rootObject = 9717551A27A4019A002A6E7B /* Project object */;
}
